// !$*UTF8*$!
{
	archiveVersion = 1;
	classes = {
	};
	objectVersion = 46;
	objects = {

/* Begin PBXBuildFile section */
		3B662E6DEB8C73AC7BDF5035 /* libPods.a in Frameworks */ = {isa = PBXBuildFile; fileRef = 5460A4F5599F0E011F3A8D50 /* libPods.a */; };
		C76FACE61ABC15E500135C69 /* FDKeychain.m in Sources */ = {isa = PBXBuildFile; fileRef = C76FACE51ABC15E500135C69 /* FDKeychain.m */; };
		C76FACE91ABC24F200135C69 /* SCProfileCell.m in Sources */ = {isa = PBXBuildFile; fileRef = C76FACE81ABC24F200135C69 /* SCProfileCell.m */; };
		C76FACF31ABC962900135C69 /* SCGame.m in Sources */ = {isa = PBXBuildFile; fileRef = C76FACEB1ABC962900135C69 /* SCGame.m */; };
		C76FACF41ABC962900135C69 /* SCGameDetailViewController.m in Sources */ = {isa = PBXBuildFile; fileRef = C76FACED1ABC962900135C69 /* SCGameDetailViewController.m */; };
		C76FACF51ABC962900135C69 /* SCGamesTableViewController.m in Sources */ = {isa = PBXBuildFile; fileRef = C76FACEF1ABC962900135C69 /* SCGamesTableViewController.m */; };
		C76FACF61ABC962900135C69 /* SCGameViewCell.m in Sources */ = {isa = PBXBuildFile; fileRef = C76FACF11ABC962900135C69 /* SCGameViewCell.m */; };
		C7ACF6691A5E876E003008C0 /* SCApi.m in Sources */ = {isa = PBXBuildFile; fileRef = C7ACF6681A5E876E003008C0 /* SCApi.m */; };
		C7D62DA91A5D936B006B769C /* SCLoginViewController.m in Sources */ = {isa = PBXBuildFile; fileRef = C7D62DA81A5D936B006B769C /* SCLoginViewController.m */; };
		C7D62DB41A5DCED9006B769C /* SCUser.m in Sources */ = {isa = PBXBuildFile; fileRef = C7D62DAF1A5DCED9006B769C /* SCUser.m */; };
		C7D62DB51A5DCED9006B769C /* SCUsersTableViewController.m in Sources */ = {isa = PBXBuildFile; fileRef = C7D62DB11A5DCED9006B769C /* SCUsersTableViewController.m */; };
		C7D62DB61A5DCED9006B769C /* SCUserViewCell.m in Sources */ = {isa = PBXBuildFile; fileRef = C7D62DB31A5DCED9006B769C /* SCUserViewCell.m */; };
		C7D62DBA1A5DCF6C006B769C /* SCUserDetailViewController.m in Sources */ = {isa = PBXBuildFile; fileRef = C7D62DB91A5DCF6C006B769C /* SCUserDetailViewController.m */; };
		C7DC5BDF1A5BF9A1002723C4 /* main.m in Sources */ = {isa = PBXBuildFile; fileRef = C7DC5BDE1A5BF9A1002723C4 /* main.m */; };
		C7DC5BE21A5BF9A1002723C4 /* SCAppDelegate.m in Sources */ = {isa = PBXBuildFile; fileRef = C7DC5BE11A5BF9A1002723C4 /* SCAppDelegate.m */; };
		C7DC5BE51A5BF9A1002723C4 /* SportCourts.xcdatamodeld in Sources */ = {isa = PBXBuildFile; fileRef = C7DC5BE31A5BF9A1002723C4 /* SportCourts.xcdatamodeld */; };
		C7DC5BEB1A5BF9A1002723C4 /* Main.storyboard in Resources */ = {isa = PBXBuildFile; fileRef = C7DC5BE91A5BF9A1002723C4 /* Main.storyboard */; };
		C7DC5BED1A5BF9A1002723C4 /* Images.xcassets in Resources */ = {isa = PBXBuildFile; fileRef = C7DC5BEC1A5BF9A1002723C4 /* Images.xcassets */; };
		C7DC5BF01A5BF9A1002723C4 /* LaunchScreen.xib in Resources */ = {isa = PBXBuildFile; fileRef = C7DC5BEE1A5BF9A1002723C4 /* LaunchScreen.xib */; };
		C7DC5BFC1A5BF9A2002723C4 /* SportCourtsTests.m in Sources */ = {isa = PBXBuildFile; fileRef = C7DC5BFB1A5BF9A2002723C4 /* SportCourtsTests.m */; };
		C7E4D2B41A5D5F95006F852F /* SCMenuViewController.m in Sources */ = {isa = PBXBuildFile; fileRef = C7E4D2B31A5D5F95006F852F /* SCMenuViewController.m */; };
		C7E4D2B71A5D6BAE006F852F /* SCMenuCell.m in Sources */ = {isa = PBXBuildFile; fileRef = C7E4D2B61A5D6BAE006F852F /* SCMenuCell.m */; };
		C7E4D2BA1A5D6E71006F852F /* SCProfileViewController.m in Sources */ = {isa = PBXBuildFile; fileRef = C7E4D2B91A5D6E71006F852F /* SCProfileViewController.m */; };
/* End PBXBuildFile section */

/* Begin PBXContainerItemProxy section */
		C7DC5BF61A5BF9A2002723C4 /* PBXContainerItemProxy */ = {
			isa = PBXContainerItemProxy;
			containerPortal = C7DC5BD11A5BF9A1002723C4 /* Project object */;
			proxyType = 1;
			remoteGlobalIDString = C7DC5BD81A5BF9A1002723C4;
			remoteInfo = SportCourts;
		};
/* End PBXContainerItemProxy section */

/* Begin PBXFileReference section */
		2BA183AAE3821D246D5E8273 /* Pods.release.xcconfig */ = {isa = PBXFileReference; includeInIndex = 1; lastKnownFileType = text.xcconfig; name = Pods.release.xcconfig; path = "Pods/Target Support Files/Pods/Pods.release.xcconfig"; sourceTree = "<group>"; };
		5460A4F5599F0E011F3A8D50 /* libPods.a */ = {isa = PBXFileReference; explicitFileType = archive.ar; includeInIndex = 0; path = libPods.a; sourceTree = BUILT_PRODUCTS_DIR; };
		B575A9183910D8779EAFE5EF /* Pods.debug.xcconfig */ = {isa = PBXFileReference; includeInIndex = 1; lastKnownFileType = text.xcconfig; name = Pods.debug.xcconfig; path = "Pods/Target Support Files/Pods/Pods.debug.xcconfig"; sourceTree = "<group>"; };
		C72478A11A5C1CA700AE4F3F /* PrefixHeader.pch */ = {isa = PBXFileReference; lastKnownFileType = sourcecode.c.h; path = PrefixHeader.pch; sourceTree = "<group>"; };
		C76FACE31ABC158500135C69 /* SportCourts.entitlements */ = {isa = PBXFileReference; lastKnownFileType = text.xml; path = SportCourts.entitlements; sourceTree = "<group>"; };
		C76FACE41ABC15E500135C69 /* FDKeychain.h */ = {isa = PBXFileReference; fileEncoding = 4; lastKnownFileType = sourcecode.c.h; path = FDKeychain.h; sourceTree = "<group>"; };
		C76FACE51ABC15E500135C69 /* FDKeychain.m */ = {isa = PBXFileReference; fileEncoding = 4; lastKnownFileType = sourcecode.c.objc; path = FDKeychain.m; sourceTree = "<group>"; };
		C76FACE71ABC24F200135C69 /* SCProfileCell.h */ = {isa = PBXFileReference; fileEncoding = 4; lastKnownFileType = sourcecode.c.h; path = SCProfileCell.h; sourceTree = "<group>"; };
		C76FACE81ABC24F200135C69 /* SCProfileCell.m */ = {isa = PBXFileReference; fileEncoding = 4; lastKnownFileType = sourcecode.c.objc; path = SCProfileCell.m; sourceTree = "<group>"; };
		C76FACEA1ABC962900135C69 /* SCGame.h */ = {isa = PBXFileReference; fileEncoding = 4; lastKnownFileType = sourcecode.c.h; name = SCGame.h; path = SportCourts/SCGame.h; sourceTree = "<group>"; };
		C76FACEB1ABC962900135C69 /* SCGame.m */ = {isa = PBXFileReference; fileEncoding = 4; lastKnownFileType = sourcecode.c.objc; name = SCGame.m; path = SportCourts/SCGame.m; sourceTree = "<group>"; };
		C76FACEC1ABC962900135C69 /* SCGameDetailViewController.h */ = {isa = PBXFileReference; fileEncoding = 4; lastKnownFileType = sourcecode.c.h; name = SCGameDetailViewController.h; path = SportCourts/SCGameDetailViewController.h; sourceTree = "<group>"; };
		C76FACED1ABC962900135C69 /* SCGameDetailViewController.m */ = {isa = PBXFileReference; fileEncoding = 4; lastKnownFileType = sourcecode.c.objc; name = SCGameDetailViewController.m; path = SportCourts/SCGameDetailViewController.m; sourceTree = "<group>"; };
		C76FACEE1ABC962900135C69 /* SCGamesTableViewController.h */ = {isa = PBXFileReference; fileEncoding = 4; lastKnownFileType = sourcecode.c.h; name = SCGamesTableViewController.h; path = SportCourts/SCGamesTableViewController.h; sourceTree = "<group>"; };
		C76FACEF1ABC962900135C69 /* SCGamesTableViewController.m */ = {isa = PBXFileReference; fileEncoding = 4; lastKnownFileType = sourcecode.c.objc; name = SCGamesTableViewController.m; path = SportCourts/SCGamesTableViewController.m; sourceTree = "<group>"; };
		C76FACF01ABC962900135C69 /* SCGameViewCell.h */ = {isa = PBXFileReference; fileEncoding = 4; lastKnownFileType = sourcecode.c.h; name = SCGameViewCell.h; path = SportCourts/SCGameViewCell.h; sourceTree = "<group>"; };
		C76FACF11ABC962900135C69 /* SCGameViewCell.m */ = {isa = PBXFileReference; fileEncoding = 4; lastKnownFileType = sourcecode.c.objc; name = SCGameViewCell.m; path = SportCourts/SCGameViewCell.m; sourceTree = "<group>"; };
		C7ACF6671A5E876E003008C0 /* SCApi.h */ = {isa = PBXFileReference; fileEncoding = 4; lastKnownFileType = sourcecode.c.h; path = SCApi.h; sourceTree = "<group>"; };
		C7ACF6681A5E876E003008C0 /* SCApi.m */ = {isa = PBXFileReference; fileEncoding = 4; lastKnownFileType = sourcecode.c.objc; path = SCApi.m; sourceTree = "<group>"; };
		C7D62DA71A5D936B006B769C /* SCLoginViewController.h */ = {isa = PBXFileReference; fileEncoding = 4; lastKnownFileType = sourcecode.c.h; path = SCLoginViewController.h; sourceTree = "<group>"; };
		C7D62DA81A5D936B006B769C /* SCLoginViewController.m */ = {isa = PBXFileReference; fileEncoding = 4; lastKnownFileType = sourcecode.c.objc; path = SCLoginViewController.m; sourceTree = "<group>"; };
		C7D62DAE1A5DCED9006B769C /* SCUser.h */ = {isa = PBXFileReference; fileEncoding = 4; lastKnownFileType = sourcecode.c.h; path = SCUser.h; sourceTree = "<group>"; };
		C7D62DAF1A5DCED9006B769C /* SCUser.m */ = {isa = PBXFileReference; fileEncoding = 4; lastKnownFileType = sourcecode.c.objc; path = SCUser.m; sourceTree = "<group>"; };
		C7D62DB01A5DCED9006B769C /* SCUsersTableViewController.h */ = {isa = PBXFileReference; fileEncoding = 4; lastKnownFileType = sourcecode.c.h; path = SCUsersTableViewController.h; sourceTree = "<group>"; };
		C7D62DB11A5DCED9006B769C /* SCUsersTableViewController.m */ = {isa = PBXFileReference; fileEncoding = 4; lastKnownFileType = sourcecode.c.objc; path = SCUsersTableViewController.m; sourceTree = "<group>"; };
		C7D62DB21A5DCED9006B769C /* SCUserViewCell.h */ = {isa = PBXFileReference; fileEncoding = 4; lastKnownFileType = sourcecode.c.h; path = SCUserViewCell.h; sourceTree = "<group>"; };
		C7D62DB31A5DCED9006B769C /* SCUserViewCell.m */ = {isa = PBXFileReference; fileEncoding = 4; lastKnownFileType = sourcecode.c.objc; path = SCUserViewCell.m; sourceTree = "<group>"; };
		C7D62DB81A5DCF6C006B769C /* SCUserDetailViewController.h */ = {isa = PBXFileReference; fileEncoding = 4; lastKnownFileType = sourcecode.c.h; path = SCUserDetailViewController.h; sourceTree = "<group>"; };
		C7D62DB91A5DCF6C006B769C /* SCUserDetailViewController.m */ = {isa = PBXFileReference; fileEncoding = 4; lastKnownFileType = sourcecode.c.objc; path = SCUserDetailViewController.m; sourceTree = "<group>"; };
		C7DC5BD91A5BF9A1002723C4 /* SportCourts.app */ = {isa = PBXFileReference; explicitFileType = wrapper.application; includeInIndex = 0; path = SportCourts.app; sourceTree = BUILT_PRODUCTS_DIR; };
		C7DC5BDD1A5BF9A1002723C4 /* Info.plist */ = {isa = PBXFileReference; lastKnownFileType = text.plist.xml; path = Info.plist; sourceTree = "<group>"; };
		C7DC5BDE1A5BF9A1002723C4 /* main.m */ = {isa = PBXFileReference; lastKnownFileType = sourcecode.c.objc; path = main.m; sourceTree = "<group>"; };
		C7DC5BE01A5BF9A1002723C4 /* SCAppDelegate.h */ = {isa = PBXFileReference; lastKnownFileType = sourcecode.c.h; path = SCAppDelegate.h; sourceTree = "<group>"; };
		C7DC5BE11A5BF9A1002723C4 /* SCAppDelegate.m */ = {isa = PBXFileReference; lastKnownFileType = sourcecode.c.objc; path = SCAppDelegate.m; sourceTree = "<group>"; };
		C7DC5BE41A5BF9A1002723C4 /* SportCourts.xcdatamodel */ = {isa = PBXFileReference; lastKnownFileType = wrapper.xcdatamodel; path = SportCourts.xcdatamodel; sourceTree = "<group>"; };
		C7DC5BEA1A5BF9A1002723C4 /* Base */ = {isa = PBXFileReference; lastKnownFileType = file.storyboard; name = Base; path = Base.lproj/Main.storyboard; sourceTree = "<group>"; };
		C7DC5BEC1A5BF9A1002723C4 /* Images.xcassets */ = {isa = PBXFileReference; lastKnownFileType = folder.assetcatalog; path = Images.xcassets; sourceTree = "<group>"; };
		C7DC5BEF1A5BF9A1002723C4 /* Base */ = {isa = PBXFileReference; lastKnownFileType = file.xib; name = Base; path = Base.lproj/LaunchScreen.xib; sourceTree = "<group>"; };
		C7DC5BF51A5BF9A2002723C4 /* SportCourtsTests.xctest */ = {isa = PBXFileReference; explicitFileType = wrapper.cfbundle; includeInIndex = 0; path = SportCourtsTests.xctest; sourceTree = BUILT_PRODUCTS_DIR; };
		C7DC5BFA1A5BF9A2002723C4 /* Info.plist */ = {isa = PBXFileReference; lastKnownFileType = text.plist.xml; path = Info.plist; sourceTree = "<group>"; };
		C7DC5BFB1A5BF9A2002723C4 /* SportCourtsTests.m */ = {isa = PBXFileReference; lastKnownFileType = sourcecode.c.objc; path = SportCourtsTests.m; sourceTree = "<group>"; };
		C7E4D2B21A5D5F95006F852F /* SCMenuViewController.h */ = {isa = PBXFileReference; fileEncoding = 4; lastKnownFileType = sourcecode.c.h; path = SCMenuViewController.h; sourceTree = "<group>"; };
		C7E4D2B31A5D5F95006F852F /* SCMenuViewController.m */ = {isa = PBXFileReference; fileEncoding = 4; lastKnownFileType = sourcecode.c.objc; path = SCMenuViewController.m; sourceTree = "<group>"; };
		C7E4D2B51A5D6BAE006F852F /* SCMenuCell.h */ = {isa = PBXFileReference; fileEncoding = 4; lastKnownFileType = sourcecode.c.h; path = SCMenuCell.h; sourceTree = "<group>"; };
		C7E4D2B61A5D6BAE006F852F /* SCMenuCell.m */ = {isa = PBXFileReference; fileEncoding = 4; lastKnownFileType = sourcecode.c.objc; path = SCMenuCell.m; sourceTree = "<group>"; };
		C7E4D2B81A5D6E71006F852F /* SCProfileViewController.h */ = {isa = PBXFileReference; fileEncoding = 4; lastKnownFileType = sourcecode.c.h; path = SCProfileViewController.h; sourceTree = "<group>"; };
		C7E4D2B91A5D6E71006F852F /* SCProfileViewController.m */ = {isa = PBXFileReference; fileEncoding = 4; lastKnownFileType = sourcecode.c.objc; path = SCProfileViewController.m; sourceTree = "<group>"; };
/* End PBXFileReference section */

/* Begin PBXFrameworksBuildPhase section */
		C7DC5BD61A5BF9A1002723C4 /* Frameworks */ = {
			isa = PBXFrameworksBuildPhase;
			buildActionMask = 2147483647;
			files = (
				3B662E6DEB8C73AC7BDF5035 /* libPods.a in Frameworks */,
			);
			runOnlyForDeploymentPostprocessing = 0;
		};
		C7DC5BF21A5BF9A2002723C4 /* Frameworks */ = {
			isa = PBXFrameworksBuildPhase;
			buildActionMask = 2147483647;
			files = (
			);
			runOnlyForDeploymentPostprocessing = 0;
		};
/* End PBXFrameworksBuildPhase section */

/* Begin PBXGroup section */
		C1571BDE4F5F114473398BB9 /* Frameworks */ = {
			isa = PBXGroup;
			children = (
				5460A4F5599F0E011F3A8D50 /* libPods.a */,
			);
			name = Frameworks;
			sourceTree = "<group>";
		};
		C76FACF21ABC962900135C69 /* Games */ = {
			isa = PBXGroup;
			children = (
				C76FACEA1ABC962900135C69 /* SCGame.h */,
				C76FACEB1ABC962900135C69 /* SCGame.m */,
				C76FACEC1ABC962900135C69 /* SCGameDetailViewController.h */,
				C76FACED1ABC962900135C69 /* SCGameDetailViewController.m */,
				C76FACEE1ABC962900135C69 /* SCGamesTableViewController.h */,
				C76FACEF1ABC962900135C69 /* SCGamesTableViewController.m */,
				C76FACF01ABC962900135C69 /* SCGameViewCell.h */,
				C76FACF11ABC962900135C69 /* SCGameViewCell.m */,
			);
			name = Games;
			path = ..;
			sourceTree = "<group>";
		};
		C7D62DAD1A5DCE84006B769C /* Menu */ = {
			isa = PBXGroup;
			children = (
				C7E4D2B21A5D5F95006F852F /* SCMenuViewController.h */,
				C7E4D2B31A5D5F95006F852F /* SCMenuViewController.m */,
				C7E4D2B51A5D6BAE006F852F /* SCMenuCell.h */,
				C7E4D2B61A5D6BAE006F852F /* SCMenuCell.m */,
				C76FACE71ABC24F200135C69 /* SCProfileCell.h */,
				C76FACE81ABC24F200135C69 /* SCProfileCell.m */,
			);
			name = Menu;
			sourceTree = "<group>";
		};
		C7D62DB71A5DCEE4006B769C /* Users */ = {
			isa = PBXGroup;
			children = (
				C7D62DAE1A5DCED9006B769C /* SCUser.h */,
				C7D62DAF1A5DCED9006B769C /* SCUser.m */,
				C7D62DB01A5DCED9006B769C /* SCUsersTableViewController.h */,
				C7D62DB11A5DCED9006B769C /* SCUsersTableViewController.m */,
				C7D62DB81A5DCF6C006B769C /* SCUserDetailViewController.h */,
				C7D62DB91A5DCF6C006B769C /* SCUserDetailViewController.m */,
				C7D62DB21A5DCED9006B769C /* SCUserViewCell.h */,
				C7D62DB31A5DCED9006B769C /* SCUserViewCell.m */,
			);
			name = Users;
			sourceTree = "<group>";
		};
		C7DC5BD01A5BF9A1002723C4 = {
			isa = PBXGroup;
			children = (
				C7DC5BDB1A5BF9A1002723C4 /* SportCourts */,
				C7DC5BF81A5BF9A2002723C4 /* SportCourtsTests */,
				C7DC5BDA1A5BF9A1002723C4 /* Products */,
				FDA41A076929F63B0C17A0D7 /* Pods */,
				C1571BDE4F5F114473398BB9 /* Frameworks */,
			);
			sourceTree = "<group>";
		};
		C7DC5BDA1A5BF9A1002723C4 /* Products */ = {
			isa = PBXGroup;
			children = (
				C7DC5BD91A5BF9A1002723C4 /* SportCourts.app */,
				C7DC5BF51A5BF9A2002723C4 /* SportCourtsTests.xctest */,
			);
			name = Products;
			sourceTree = "<group>";
		};
		C7DC5BDB1A5BF9A1002723C4 /* SportCourts */ = {
			isa = PBXGroup;
			children = (
				C76FACE31ABC158500135C69 /* SportCourts.entitlements */,
				C7DC5BE01A5BF9A1002723C4 /* SCAppDelegate.h */,
				C7DC5BE11A5BF9A1002723C4 /* SCAppDelegate.m */,
				C7ACF6671A5E876E003008C0 /* SCApi.h */,
				C7ACF6681A5E876E003008C0 /* SCApi.m */,
				C7D62DAD1A5DCE84006B769C /* Menu */,
				C7E4D2B81A5D6E71006F852F /* SCProfileViewController.h */,
				C7E4D2B91A5D6E71006F852F /* SCProfileViewController.m */,
				C76FACF21ABC962900135C69 /* Games */,
				C7D62DB71A5DCEE4006B769C /* Users */,
				C7D62DA71A5D936B006B769C /* SCLoginViewController.h */,
				C7D62DA81A5D936B006B769C /* SCLoginViewController.m */,
				C7DC5BE91A5BF9A1002723C4 /* Main.storyboard */,
				C7DC5BEC1A5BF9A1002723C4 /* Images.xcassets */,
				C7DC5BEE1A5BF9A1002723C4 /* LaunchScreen.xib */,
				C7DC5BE31A5BF9A1002723C4 /* SportCourts.xcdatamodeld */,
				C7DC5BDC1A5BF9A1002723C4 /* Supporting Files */,
			);
			path = SportCourts;
			sourceTree = "<group>";
		};
		C7DC5BDC1A5BF9A1002723C4 /* Supporting Files */ = {
			isa = PBXGroup;
			children = (
				C76FACE41ABC15E500135C69 /* FDKeychain.h */,
				C76FACE51ABC15E500135C69 /* FDKeychain.m */,
				C7DC5BDD1A5BF9A1002723C4 /* Info.plist */,
				C7DC5BDE1A5BF9A1002723C4 /* main.m */,
				C72478A11A5C1CA700AE4F3F /* PrefixHeader.pch */,
			);
			name = "Supporting Files";
			sourceTree = "<group>";
		};
		C7DC5BF81A5BF9A2002723C4 /* SportCourtsTests */ = {
			isa = PBXGroup;
			children = (
				C7DC5BFB1A5BF9A2002723C4 /* SportCourtsTests.m */,
				C7DC5BF91A5BF9A2002723C4 /* Supporting Files */,
			);
			path = SportCourtsTests;
			sourceTree = "<group>";
		};
		C7DC5BF91A5BF9A2002723C4 /* Supporting Files */ = {
			isa = PBXGroup;
			children = (
				C7DC5BFA1A5BF9A2002723C4 /* Info.plist */,
			);
			name = "Supporting Files";
			sourceTree = "<group>";
		};
		FDA41A076929F63B0C17A0D7 /* Pods */ = {
			isa = PBXGroup;
			children = (
				B575A9183910D8779EAFE5EF /* Pods.debug.xcconfig */,
				2BA183AAE3821D246D5E8273 /* Pods.release.xcconfig */,
			);
			name = Pods;
			sourceTree = "<group>";
		};
/* End PBXGroup section */

/* Begin PBXNativeTarget section */
		C7DC5BD81A5BF9A1002723C4 /* SportCourts */ = {
			isa = PBXNativeTarget;
			buildConfigurationList = C7DC5BFF1A5BF9A2002723C4 /* Build configuration list for PBXNativeTarget "SportCourts" */;
			buildPhases = (
				DBFE2323A421A51BC63A2086 /* Check Pods Manifest.lock */,
				C7DC5BD51A5BF9A1002723C4 /* Sources */,
				C7DC5BD61A5BF9A1002723C4 /* Frameworks */,
				C7DC5BD71A5BF9A1002723C4 /* Resources */,
				83EBF9E012A47857468A026B /* Copy Pods Resources */,
			);
			buildRules = (
			);
			dependencies = (
			);
			name = SportCourts;
			productName = SportCourts;
			productReference = C7DC5BD91A5BF9A1002723C4 /* SportCourts.app */;
			productType = "com.apple.product-type.application";
		};
		C7DC5BF41A5BF9A2002723C4 /* SportCourtsTests */ = {
			isa = PBXNativeTarget;
			buildConfigurationList = C7DC5C021A5BF9A2002723C4 /* Build configuration list for PBXNativeTarget "SportCourtsTests" */;
			buildPhases = (
				C7DC5BF11A5BF9A2002723C4 /* Sources */,
				C7DC5BF21A5BF9A2002723C4 /* Frameworks */,
				C7DC5BF31A5BF9A2002723C4 /* Resources */,
			);
			buildRules = (
			);
			dependencies = (
				C7DC5BF71A5BF9A2002723C4 /* PBXTargetDependency */,
			);
			name = SportCourtsTests;
			productName = SportCourtsTests;
			productReference = C7DC5BF51A5BF9A2002723C4 /* SportCourtsTests.xctest */;
			productType = "com.apple.product-type.bundle.unit-test";
		};
/* End PBXNativeTarget section */

/* Begin PBXProject section */
		C7DC5BD11A5BF9A1002723C4 /* Project object */ = {
			isa = PBXProject;
			attributes = {
				CLASSPREFIX = SC;
				LastUpgradeCheck = 0610;
				ORGANIZATIONNAME = "Vitaliy Harchenko";
				TargetAttributes = {
					C7DC5BD81A5BF9A1002723C4 = {
						CreatedOnToolsVersion = 6.1.1;
						DevelopmentTeam = Y3W7N9BNH9;
						SystemCapabilities = {
							com.apple.Keychain = {
								enabled = 1;
							};
						};
					};
					C7DC5BF41A5BF9A2002723C4 = {
						CreatedOnToolsVersion = 6.1.1;
						TestTargetID = C7DC5BD81A5BF9A1002723C4;
					};
				};
			};
			buildConfigurationList = C7DC5BD41A5BF9A1002723C4 /* Build configuration list for PBXProject "SportCourts" */;
			compatibilityVersion = "Xcode 3.2";
			developmentRegion = English;
			hasScannedForEncodings = 0;
			knownRegions = (
				en,
				Base,
			);
			mainGroup = C7DC5BD01A5BF9A1002723C4;
			productRefGroup = C7DC5BDA1A5BF9A1002723C4 /* Products */;
			projectDirPath = "";
			projectRoot = "";
			targets = (
				C7DC5BD81A5BF9A1002723C4 /* SportCourts */,
				C7DC5BF41A5BF9A2002723C4 /* SportCourtsTests */,
			);
		};
/* End PBXProject section */

/* Begin PBXResourcesBuildPhase section */
		C7DC5BD71A5BF9A1002723C4 /* Resources */ = {
			isa = PBXResourcesBuildPhase;
			buildActionMask = 2147483647;
			files = (
				C7DC5BEB1A5BF9A1002723C4 /* Main.storyboard in Resources */,
				C7DC5BF01A5BF9A1002723C4 /* LaunchScreen.xib in Resources */,
				C7DC5BED1A5BF9A1002723C4 /* Images.xcassets in Resources */,
			);
			runOnlyForDeploymentPostprocessing = 0;
		};
		C7DC5BF31A5BF9A2002723C4 /* Resources */ = {
			isa = PBXResourcesBuildPhase;
			buildActionMask = 2147483647;
			files = (
			);
			runOnlyForDeploymentPostprocessing = 0;
		};
/* End PBXResourcesBuildPhase section */

/* Begin PBXShellScriptBuildPhase section */
		83EBF9E012A47857468A026B /* Copy Pods Resources */ = {
			isa = PBXShellScriptBuildPhase;
			buildActionMask = 2147483647;
			files = (
			);
			inputPaths = (
			);
			name = "Copy Pods Resources";
			outputPaths = (
			);
			runOnlyForDeploymentPostprocessing = 0;
			shellPath = /bin/sh;
			shellScript = "\"${SRCROOT}/Pods/Target Support Files/Pods/Pods-resources.sh\"\n";
			showEnvVarsInLog = 0;
		};
		DBFE2323A421A51BC63A2086 /* Check Pods Manifest.lock */ = {
			isa = PBXShellScriptBuildPhase;
			buildActionMask = 2147483647;
			files = (
			);
			inputPaths = (
			);
			name = "Check Pods Manifest.lock";
			outputPaths = (
			);
			runOnlyForDeploymentPostprocessing = 0;
			shellPath = /bin/sh;
			shellScript = "diff \"${PODS_ROOT}/../Podfile.lock\" \"${PODS_ROOT}/Manifest.lock\" > /dev/null\nif [[ $? != 0 ]] ; then\n    cat << EOM\nerror: The sandbox is not in sync with the Podfile.lock. Run 'pod install' or update your CocoaPods installation.\nEOM\n    exit 1\nfi\n";
			showEnvVarsInLog = 0;
		};
/* End PBXShellScriptBuildPhase section */

/* Begin PBXSourcesBuildPhase section */
		C7DC5BD51A5BF9A1002723C4 /* Sources */ = {
			isa = PBXSourcesBuildPhase;
			buildActionMask = 2147483647;
			files = (
				C7D62DA91A5D936B006B769C /* SCLoginViewController.m in Sources */,
				C76FACE91ABC24F200135C69 /* SCProfileCell.m in Sources */,
				C7DC5BE21A5BF9A1002723C4 /* SCAppDelegate.m in Sources */,
				C7D62DBA1A5DCF6C006B769C /* SCUserDetailViewController.m in Sources */,
				C7DC5BDF1A5BF9A1002723C4 /* main.m in Sources */,
				C7E4D2BA1A5D6E71006F852F /* SCProfileViewController.m in Sources */,
				C76FACF61ABC962900135C69 /* SCGameViewCell.m in Sources */,
				C7E4D2B71A5D6BAE006F852F /* SCMenuCell.m in Sources */,
				C7ACF6691A5E876E003008C0 /* SCApi.m in Sources */,
				C7D62DB61A5DCED9006B769C /* SCUserViewCell.m in Sources */,
				C76FACF41ABC962900135C69 /* SCGameDetailViewController.m in Sources */,
				C7D62DB51A5DCED9006B769C /* SCUsersTableViewController.m in Sources */,
				C7DC5BE51A5BF9A1002723C4 /* SportCourts.xcdatamodeld in Sources */,
				C76FACF51ABC962900135C69 /* SCGamesTableViewController.m in Sources */,
				C76FACE61ABC15E500135C69 /* FDKeychain.m in Sources */,
				C7D62DB41A5DCED9006B769C /* SCUser.m in Sources */,
				C76FACF31ABC962900135C69 /* SCGame.m in Sources */,
				C7E4D2B41A5D5F95006F852F /* SCMenuViewController.m in Sources */,
			);
			runOnlyForDeploymentPostprocessing = 0;
		};
		C7DC5BF11A5BF9A2002723C4 /* Sources */ = {
			isa = PBXSourcesBuildPhase;
			buildActionMask = 2147483647;
			files = (
				C7DC5BFC1A5BF9A2002723C4 /* SportCourtsTests.m in Sources */,
			);
			runOnlyForDeploymentPostprocessing = 0;
		};
/* End PBXSourcesBuildPhase section */

/* Begin PBXTargetDependency section */
		C7DC5BF71A5BF9A2002723C4 /* PBXTargetDependency */ = {
			isa = PBXTargetDependency;
			target = C7DC5BD81A5BF9A1002723C4 /* SportCourts */;
			targetProxy = C7DC5BF61A5BF9A2002723C4 /* PBXContainerItemProxy */;
		};
/* End PBXTargetDependency section */

/* Begin PBXVariantGroup section */
		C7DC5BE91A5BF9A1002723C4 /* Main.storyboard */ = {
			isa = PBXVariantGroup;
			children = (
				C7DC5BEA1A5BF9A1002723C4 /* Base */,
			);
			name = Main.storyboard;
			sourceTree = "<group>";
		};
		C7DC5BEE1A5BF9A1002723C4 /* LaunchScreen.xib */ = {
			isa = PBXVariantGroup;
			children = (
				C7DC5BEF1A5BF9A1002723C4 /* Base */,
			);
			name = LaunchScreen.xib;
			sourceTree = "<group>";
		};
/* End PBXVariantGroup section */

/* Begin XCBuildConfiguration section */
		C7DC5BFD1A5BF9A2002723C4 /* Debug */ = {
			isa = XCBuildConfiguration;
			buildSettings = {
				ALWAYS_SEARCH_USER_PATHS = NO;
				CLANG_CXX_LANGUAGE_STANDARD = "gnu++0x";
				CLANG_CXX_LIBRARY = "libc++";
				CLANG_ENABLE_MODULES = YES;
				CLANG_ENABLE_OBJC_ARC = YES;
				CLANG_WARN_BOOL_CONVERSION = YES;
				CLANG_WARN_CONSTANT_CONVERSION = YES;
				CLANG_WARN_DIRECT_OBJC_ISA_USAGE = YES_ERROR;
				CLANG_WARN_EMPTY_BODY = YES;
				CLANG_WARN_ENUM_CONVERSION = YES;
				CLANG_WARN_INT_CONVERSION = YES;
				CLANG_WARN_OBJC_ROOT_CLASS = YES_ERROR;
				CLANG_WARN_UNREACHABLE_CODE = YES;
				CLANG_WARN__DUPLICATE_METHOD_MATCH = YES;
				"CODE_SIGN_IDENTITY[sdk=iphoneos*]" = "iPhone Developer";
				COPY_PHASE_STRIP = NO;
				ENABLE_STRICT_OBJC_MSGSEND = YES;
				GCC_C_LANGUAGE_STANDARD = gnu99;
				GCC_DYNAMIC_NO_PIC = NO;
				GCC_OPTIMIZATION_LEVEL = 0;
				GCC_PREPROCESSOR_DEFINITIONS = (
					"DEBUG=1",
					"$(inherited)",
				);
				GCC_SYMBOLS_PRIVATE_EXTERN = NO;
				GCC_WARN_64_TO_32_BIT_CONVERSION = YES;
				GCC_WARN_ABOUT_RETURN_TYPE = YES_ERROR;
				GCC_WARN_UNDECLARED_SELECTOR = YES;
				GCC_WARN_UNINITIALIZED_AUTOS = YES_AGGRESSIVE;
				GCC_WARN_UNUSED_FUNCTION = YES;
				GCC_WARN_UNUSED_VARIABLE = YES;
				IPHONEOS_DEPLOYMENT_TARGET = 8.1;
				MTL_ENABLE_DEBUG_INFO = YES;
				ONLY_ACTIVE_ARCH = YES;
				SDKROOT = iphoneos;
				TARGETED_DEVICE_FAMILY = "1,2";
			};
			name = Debug;
		};
		C7DC5BFE1A5BF9A2002723C4 /* Release */ = {
			isa = XCBuildConfiguration;
			buildSettings = {
				ALWAYS_SEARCH_USER_PATHS = NO;
				CLANG_CXX_LANGUAGE_STANDARD = "gnu++0x";
				CLANG_CXX_LIBRARY = "libc++";
				CLANG_ENABLE_MODULES = YES;
				CLANG_ENABLE_OBJC_ARC = YES;
				CLANG_WARN_BOOL_CONVERSION = YES;
				CLANG_WARN_CONSTANT_CONVERSION = YES;
				CLANG_WARN_DIRECT_OBJC_ISA_USAGE = YES_ERROR;
				CLANG_WARN_EMPTY_BODY = YES;
				CLANG_WARN_ENUM_CONVERSION = YES;
				CLANG_WARN_INT_CONVERSION = YES;
				CLANG_WARN_OBJC_ROOT_CLASS = YES_ERROR;
				CLANG_WARN_UNREACHABLE_CODE = YES;
				CLANG_WARN__DUPLICATE_METHOD_MATCH = YES;
				"CODE_SIGN_IDENTITY[sdk=iphoneos*]" = "iPhone Developer";
				COPY_PHASE_STRIP = YES;
				ENABLE_NS_ASSERTIONS = NO;
				ENABLE_STRICT_OBJC_MSGSEND = YES;
				GCC_C_LANGUAGE_STANDARD = gnu99;
				GCC_WARN_64_TO_32_BIT_CONVERSION = YES;
				GCC_WARN_ABOUT_RETURN_TYPE = YES_ERROR;
				GCC_WARN_UNDECLARED_SELECTOR = YES;
				GCC_WARN_UNINITIALIZED_AUTOS = YES_AGGRESSIVE;
				GCC_WARN_UNUSED_FUNCTION = YES;
				GCC_WARN_UNUSED_VARIABLE = YES;
				IPHONEOS_DEPLOYMENT_TARGET = 8.1;
				MTL_ENABLE_DEBUG_INFO = NO;
				SDKROOT = iphoneos;
				TARGETED_DEVICE_FAMILY = "1,2";
				VALIDATE_PRODUCT = YES;
			};
			name = Release;
		};
		C7DC5C001A5BF9A2002723C4 /* Debug */ = {
			isa = XCBuildConfiguration;
			baseConfigurationReference = B575A9183910D8779EAFE5EF /* Pods.debug.xcconfig */;
			buildSettings = {
				ASSETCATALOG_COMPILER_APPICON_NAME = AppIcon;
				CODE_SIGN_ENTITLEMENTS = SportCourts/SportCourts.entitlements;
				CODE_SIGN_IDENTITY = "iPhone Developer";
				"CODE_SIGN_IDENTITY[sdk=iphoneos*]" = "iPhone Developer";
				GCC_PREFIX_HEADER = SportCourts/PrefixHeader.pch;
				INFOPLIST_FILE = SportCourts/Info.plist;
				LD_RUNPATH_SEARCH_PATHS = "$(inherited) @executable_path/Frameworks";
				PRODUCT_NAME = "$(TARGET_NAME)";
				PROVISIONING_PROFILE = "";
			};
			name = Debug;
		};
		C7DC5C011A5BF9A2002723C4 /* Release */ = {
			isa = XCBuildConfiguration;
			baseConfigurationReference = 2BA183AAE3821D246D5E8273 /* Pods.release.xcconfig */;
			buildSettings = {
				ASSETCATALOG_COMPILER_APPICON_NAME = AppIcon;
				CODE_SIGN_ENTITLEMENTS = SportCourts/SportCourts.entitlements;
				CODE_SIGN_IDENTITY = "iPhone Developer";
				"CODE_SIGN_IDENTITY[sdk=iphoneos*]" = "iPhone Developer";
				GCC_PREFIX_HEADER = SportCourts/PrefixHeader.pch;
				INFOPLIST_FILE = SportCourts/Info.plist;
				LD_RUNPATH_SEARCH_PATHS = "$(inherited) @executable_path/Frameworks";
				PRODUCT_NAME = "$(TARGET_NAME)";
				PROVISIONING_PROFILE = "";
			};
			name = Release;
		};
		C7DC5C031A5BF9A2002723C4 /* Debug */ = {
			isa = XCBuildConfiguration;
			buildSettings = {
				BUNDLE_LOADER = "$(TEST_HOST)";
				FRAMEWORK_SEARCH_PATHS = (
					"$(SDKROOT)/Developer/Library/Frameworks",
					"$(inherited)",
				);
				GCC_PREPROCESSOR_DEFINITIONS = (
					"DEBUG=1",
					"$(inherited)",
				);
				INFOPLIST_FILE = SportCourtsTests/Info.plist;
				LD_RUNPATH_SEARCH_PATHS = "$(inherited) @executable_path/Frameworks @loader_path/Frameworks";
				PRODUCT_NAME = "$(TARGET_NAME)";
				TEST_HOST = "$(BUILT_PRODUCTS_DIR)/SportCourts.app/SportCourts";
			};
			name = Debug;
		};
		C7DC5C041A5BF9A2002723C4 /* Release */ = {
			isa = XCBuildConfiguration;
			buildSettings = {
				BUNDLE_LOADER = "$(TEST_HOST)";
				FRAMEWORK_SEARCH_PATHS = (
					"$(SDKROOT)/Developer/Library/Frameworks",
					"$(inherited)",
				);
				INFOPLIST_FILE = SportCourtsTests/Info.plist;
				LD_RUNPATH_SEARCH_PATHS = "$(inherited) @executable_path/Frameworks @loader_path/Frameworks";
				PRODUCT_NAME = "$(TARGET_NAME)";
				TEST_HOST = "$(BUILT_PRODUCTS_DIR)/SportCourts.app/SportCourts";
			};
			name = Release;
		};
/* End XCBuildConfiguration section */

/* Begin XCConfigurationList section */
		C7DC5BD41A5BF9A1002723C4 /* Build configuration list for PBXProject "SportCourts" */ = {
			isa = XCConfigurationList;
			buildConfigurations = (
				C7DC5BFD1A5BF9A2002723C4 /* Debug */,
				C7DC5BFE1A5BF9A2002723C4 /* Release */,
			);
			defaultConfigurationIsVisible = 0;
			defaultConfigurationName = Release;
		};
		C7DC5BFF1A5BF9A2002723C4 /* Build configuration list for PBXNativeTarget "SportCourts" */ = {
			isa = XCConfigurationList;
			buildConfigurations = (
				C7DC5C001A5BF9A2002723C4 /* Debug */,
				C7DC5C011A5BF9A2002723C4 /* Release */,
			);
			defaultConfigurationIsVisible = 0;
			defaultConfigurationName = Release;
		};
		C7DC5C021A5BF9A2002723C4 /* Build configuration list for PBXNativeTarget "SportCourtsTests" */ = {
			isa = XCConfigurationList;
			buildConfigurations = (
				C7DC5C031A5BF9A2002723C4 /* Debug */,
				C7DC5C041A5BF9A2002723C4 /* Release */,
			);
			defaultConfigurationIsVisible = 0;
			defaultConfigurationName = Release;
		};
/* End XCConfigurationList section */

/* Begin XCVersionGroup section */
		C7DC5BE31A5BF9A1002723C4 /* SportCourts.xcdatamodeld */ = {
			isa = XCVersionGroup;
			children = (
				C7DC5BE41A5BF9A1002723C4 /* SportCourts.xcdatamodel */,
			);
			currentVersion = C7DC5BE41A5BF9A1002723C4 /* SportCourts.xcdatamodel */;
			path = SportCourts.xcdatamodeld;
			sourceTree = "<group>";
			versionGroupType = wrapper.xcdatamodel;
		};
/* End XCVersionGroup section */
	};
	rootObject = C7DC5BD11A5BF9A1002723C4 /* Project object */;
}
